
Microsoft Visual Studio Solution File, Format Version 12.00
# Visual Studio Version 17
VisualStudioVersion = 17.4.33403.182
MinimumVisualStudioVersion = 10.0.40219.1
Project("{FAE04EC0-301F-11D3-BF4B-00C04F79EFBC}") = "MRJCommerce", "MRJCommerce\MRJCommerce.csproj", "{7C7B1E6E-29AC-4133-8F87-575904141892}"
EndProject
Global
	GlobalSection(SolutionConfigurationPlatforms) = preSolution
		Debug|Any CPU = Debug|Any CPU
		Release|Any CPU = Release|Any CPU
	EndGlobalSection
	GlobalSection(ProjectConfigurationPlatforms) = postSolution
		{7C7B1E6E-29AC-4133-8F87-575904141892}.Debug|Any CPU.ActiveCfg = Debug|Any CPU
		{7C7B1E6E-29AC-4133-8F87-575904141892}.Debug|Any CPU.Build.0 = Debug|Any CPU
		{7C7B1E6E-29AC-4133-8F87-575904141892}.Release|Any CPU.ActiveCfg = Release|Any CPU
		{7C7B1E6E-29AC-4133-8F87-575904141892}.Release|Any CPU.Build.0 = Release|Any CPU
	EndGlobalSection
	GlobalSection(SolutionProperties) = preSolution
		HideSolutionNode = FALSE
	EndGlobalSection
	GlobalSection(ExtensibilityGlobals) = postSolution
		SolutionGuid = {226DD89F-8865-4133-AA4C-788C0636BF16}
	EndGlobalSection
EndGlobal
